
Microsoft Visual Studio Solution File, Format Version 12.00
# Visual Studio Version 16
VisualStudioVersion = 16.0.31624.102
MinimumVisualStudioVersion = 10.0.40219.1
Project("{9A19103F-16F7-4668-BE54-9A1E7A4F7556}") = "gary", "gary\gary.csproj", "{54459A10-ADD2-43B1-92B8-D3E54DFAAE79}"
EndProject
Project("{9A19103F-16F7-4668-BE54-9A1E7A4F7556}") = "ConsoleApp1", "ConsoleApp1\ConsoleApp1.csproj", "{294EAFAC-ABB9-43A0-836E-57C4A49F8FBD}"
EndProject
Project("{2150E333-8FDC-42A3-9474-1A3956D46DE8}") = "Solution Items", "Solution Items", "{CCB187C1-2875-418F-9804-9EFF65771662}"
	ProjectSection(SolutionItems) = preProject
		..\..\..\Desktop\project v2\car-home-image.webp = ..\..\..\Desktop\project v2\car-home-image.webp
		..\..\..\Desktop\project v2\index.html = ..\..\..\Desktop\project v2\index.html
		..\..\..\Desktop\project v2\replit.nix = ..\..\..\Desktop\project v2\replit.nix
		..\..\..\Desktop\project v2\script.js = ..\..\..\Desktop\project v2\script.js
		..\..\..\Desktop\project v2\showcase1.jpg = ..\..\..\Desktop\project v2\showcase1.jpg
		..\..\..\Desktop\project v2\showcase2.jpg = ..\..\..\Desktop\project v2\showcase2.jpg
		..\..\..\Desktop\project v2\showcase3.jpg = ..\..\..\Desktop\project v2\showcase3.jpg
		..\..\..\Desktop\project v2\style.css = ..\..\..\Desktop\project v2\style.css
	EndProjectSection
EndProject
Project("{FAE04EC0-301F-11D3-BF4B-00C04F79EFBC}") = "myprojectv2", "myprojectv2\myprojectv2.csproj", "{07D8487A-4EFB-4BF3-8285-97529FBDAB03}"
EndProject
Global
	GlobalSection(SolutionConfigurationPlatforms) = preSolution
		Debug|Any CPU = Debug|Any CPU
		Release|Any CPU = Release|Any CPU
	EndGlobalSection
	GlobalSection(ProjectConfigurationPlatforms) = postSolution
		{54459A10-ADD2-43B1-92B8-D3E54DFAAE79}.Debug|Any CPU.ActiveCfg = Debug|Any CPU
		{54459A10-ADD2-43B1-92B8-D3E54DFAAE79}.Debug|Any CPU.Build.0 = Debug|Any CPU
		{54459A10-ADD2-43B1-92B8-D3E54DFAAE79}.Release|Any CPU.ActiveCfg = Release|Any CPU
		{54459A10-ADD2-43B1-92B8-D3E54DFAAE79}.Release|Any CPU.Build.0 = Release|Any CPU
		{294EAFAC-ABB9-43A0-836E-57C4A49F8FBD}.Debug|Any CPU.ActiveCfg = Debug|Any CPU
		{294EAFAC-ABB9-43A0-836E-57C4A49F8FBD}.Debug|Any CPU.Build.0 = Debug|Any CPU
		{294EAFAC-ABB9-43A0-836E-57C4A49F8FBD}.Release|Any CPU.ActiveCfg = Release|Any CPU
		{294EAFAC-ABB9-43A0-836E-57C4A49F8FBD}.Release|Any CPU.Build.0 = Release|Any CPU
		{07D8487A-4EFB-4BF3-8285-97529FBDAB03}.Debug|Any CPU.ActiveCfg = Debug|Any CPU
		{07D8487A-4EFB-4BF3-8285-97529FBDAB03}.Debug|Any CPU.Build.0 = Debug|Any CPU
		{07D8487A-4EFB-4BF3-8285-97529FBDAB03}.Release|Any CPU.ActiveCfg = Release|Any CPU
		{07D8487A-4EFB-4BF3-8285-97529FBDAB03}.Release|Any CPU.Build.0 = Release|Any CPU
	EndGlobalSection
	GlobalSection(SolutionProperties) = preSolution
		HideSolutionNode = FALSE
	EndGlobalSection
	GlobalSection(ExtensibilityGlobals) = postSolution
		SolutionGuid = {6DE1E779-D056-4669-9B76-D056023B3179}
	EndGlobalSection
EndGlobal
